
Microsoft Visual Studio Solution File, Format Version 12.00
# Visual Studio Version 16
VisualStudioVersion = 16.0.29209.62
MinimumVisualStudioVersion = 15.0.26124.0
Project("{9A19103F-16F7-4668-BE54-9A1E7A4F7556}") = "tests_sources_plugins", "tests_sources_plugins.csproj", "{2729DDAB-67F9-4411-A6F4-FB6BDE676513}"
EndProject
Global
	GlobalSection(SolutionConfigurationPlatforms) = preSolution
		Debug|Any CPU = Debug|Any CPU
		Debug|x64 = Debug|x64
		Debug|x86 = Debug|x86
		Release|Any CPU = Release|Any CPU
		Release|x64 = Release|x64
		Release|x86 = Release|x86
	EndGlobalSection
	GlobalSection(ProjectConfigurationPlatforms) = postSolution
		{2729DDAB-67F9-4411-A6F4-FB6BDE676513}.Debug|Any CPU.ActiveCfg = Debug|Any CPU
		{2729DDAB-67F9-4411-A6F4-FB6BDE676513}.Debug|Any CPU.Build.0 = Debug|Any CPU
		{2729DDAB-67F9-4411-A6F4-FB6BDE676513}.Debug|x64.ActiveCfg = Debug|Any CPU
		{2729DDAB-67F9-4411-A6F4-FB6BDE676513}.Debug|x64.Build.0 = Debug|Any CPU
		{2729DDAB-67F9-4411-A6F4-FB6BDE676513}.Debug|x86.ActiveCfg = Debug|Any CPU
		{2729DDAB-67F9-4411-A6F4-FB6BDE676513}.Debug|x86.Build.0 = Debug|Any CPU
		{2729DDAB-67F9-4411-A6F4-FB6BDE676513}.Release|Any CPU.ActiveCfg = Release|Any CPU
		{2729DDAB-67F9-4411-A6F4-FB6BDE676513}.Release|Any CPU.Build.0 = Release|Any CPU
		{2729DDAB-67F9-4411-A6F4-FB6BDE676513}.Release|x64.ActiveCfg = Release|Any CPU
		{2729DDAB-67F9-4411-A6F4-FB6BDE676513}.Release|x64.Build.0 = Release|Any CPU
		{2729DDAB-67F9-4411-A6F4-FB6BDE676513}.Release|x86.ActiveCfg = Release|Any CPU
		{2729DDAB-67F9-4411-A6F4-FB6BDE676513}.Release|x86.Build.0 = Release|Any CPU
	EndGlobalSection
	GlobalSection(SolutionProperties) = preSolution
		HideSolutionNode = FALSE
	EndGlobalSection
	GlobalSection(ExtensibilityGlobals) = postSolution
		SolutionGuid = {F6CB0A4D-C5C8-4ACD-B89F-108D8A2837EF}
	EndGlobalSection
EndGlobal
