
Microsoft Visual Studio Solution File, Format Version 12.00
# Visual Studio Version 16
VisualStudioVersion = 16.0.29209.62
MinimumVisualStudioVersion = 10.0.40219.1
Project("{9A19103F-16F7-4668-BE54-9A1E7A4F7556}") = "Client", "Client\Client.csproj", "{BFA53FC5-183A-42E1-8C04-FFDDDECDAB8C}"
EndProject
Project("{9A19103F-16F7-4668-BE54-9A1E7A4F7556}") = "Server", "server\server.csproj", "{30D01695-55B1-4AAD-AAAD-0829FCF12627}"
EndProject
Project("{2150E333-8FDC-42A3-9474-1A3956D46DE8}") = "unitTests", "unitTests", "{8FF30488-313F-4D18-A345-EA863DA006BE}"
EndProject
Project("{9A19103F-16F7-4668-BE54-9A1E7A4F7556}") = "Storage", "Storage\Storage.csproj", "{AFC4EB1A-C086-4481-B6D7-D17849A696AA}"
EndProject
Project("{9A19103F-16F7-4668-BE54-9A1E7A4F7556}") = "Plugin", "Plugin\Plugin.csproj", "{ADBEE75E-9A16-451B-ADB4-C8F70FBE47E0}"
EndProject
Project("{9A19103F-16F7-4668-BE54-9A1E7A4F7556}") = "Loggin", "Loggin\Loggin.csproj", "{2B636F70-243F-4217-96D9-1E59131A4628}"
EndProject
Project("{9A19103F-16F7-4668-BE54-9A1E7A4F7556}") = "Schelduler", "Schelduler\Schelduler.csproj", "{1F70BC15-3A56-430E-8140-8A6DBF0435EF}"
EndProject
Project("{9A19103F-16F7-4668-BE54-9A1E7A4F7556}") = "ScheldulerTest", "ScheldulerTest\ScheldulerTest.csproj", "{058D4AE0-6AE0-460C-8292-7649F1069D8B}"
EndProject
Project("{9A19103F-16F7-4668-BE54-9A1E7A4F7556}") = "PluginTest", "PluginTest\PluginTest.csproj", "{72AEA94B-254D-4281-9E04-1DFD7322F8F0}"
EndProject
Project("{2150E333-8FDC-42A3-9474-1A3956D46DE8}") = "lib", "lib", "{ED49E0DE-BF39-4CC6-B3DE-0B800C4AEE1A}"
EndProject
Global
	GlobalSection(SolutionConfigurationPlatforms) = preSolution
		Debug|Any CPU = Debug|Any CPU
		Release|Any CPU = Release|Any CPU
	EndGlobalSection
	GlobalSection(ProjectConfigurationPlatforms) = postSolution
		{BFA53FC5-183A-42E1-8C04-FFDDDECDAB8C}.Debug|Any CPU.ActiveCfg = Debug|Any CPU
		{BFA53FC5-183A-42E1-8C04-FFDDDECDAB8C}.Debug|Any CPU.Build.0 = Debug|Any CPU
		{BFA53FC5-183A-42E1-8C04-FFDDDECDAB8C}.Release|Any CPU.ActiveCfg = Release|Any CPU
		{BFA53FC5-183A-42E1-8C04-FFDDDECDAB8C}.Release|Any CPU.Build.0 = Release|Any CPU
		{30D01695-55B1-4AAD-AAAD-0829FCF12627}.Debug|Any CPU.ActiveCfg = Debug|Any CPU
		{30D01695-55B1-4AAD-AAAD-0829FCF12627}.Debug|Any CPU.Build.0 = Debug|Any CPU
		{30D01695-55B1-4AAD-AAAD-0829FCF12627}.Release|Any CPU.ActiveCfg = Release|Any CPU
		{30D01695-55B1-4AAD-AAAD-0829FCF12627}.Release|Any CPU.Build.0 = Release|Any CPU
		{AFC4EB1A-C086-4481-B6D7-D17849A696AA}.Debug|Any CPU.ActiveCfg = Debug|Any CPU
		{AFC4EB1A-C086-4481-B6D7-D17849A696AA}.Debug|Any CPU.Build.0 = Debug|Any CPU
		{AFC4EB1A-C086-4481-B6D7-D17849A696AA}.Release|Any CPU.ActiveCfg = Release|Any CPU
		{AFC4EB1A-C086-4481-B6D7-D17849A696AA}.Release|Any CPU.Build.0 = Release|Any CPU
		{ADBEE75E-9A16-451B-ADB4-C8F70FBE47E0}.Debug|Any CPU.ActiveCfg = Debug|Any CPU
		{ADBEE75E-9A16-451B-ADB4-C8F70FBE47E0}.Debug|Any CPU.Build.0 = Debug|Any CPU
		{ADBEE75E-9A16-451B-ADB4-C8F70FBE47E0}.Release|Any CPU.ActiveCfg = Release|Any CPU
		{ADBEE75E-9A16-451B-ADB4-C8F70FBE47E0}.Release|Any CPU.Build.0 = Release|Any CPU
		{2B636F70-243F-4217-96D9-1E59131A4628}.Debug|Any CPU.ActiveCfg = Debug|Any CPU
		{2B636F70-243F-4217-96D9-1E59131A4628}.Debug|Any CPU.Build.0 = Debug|Any CPU
		{2B636F70-243F-4217-96D9-1E59131A4628}.Release|Any CPU.ActiveCfg = Release|Any CPU
		{2B636F70-243F-4217-96D9-1E59131A4628}.Release|Any CPU.Build.0 = Release|Any CPU
		{1F70BC15-3A56-430E-8140-8A6DBF0435EF}.Debug|Any CPU.ActiveCfg = Debug|Any CPU
		{1F70BC15-3A56-430E-8140-8A6DBF0435EF}.Debug|Any CPU.Build.0 = Debug|Any CPU
		{1F70BC15-3A56-430E-8140-8A6DBF0435EF}.Release|Any CPU.ActiveCfg = Release|Any CPU
		{1F70BC15-3A56-430E-8140-8A6DBF0435EF}.Release|Any CPU.Build.0 = Release|Any CPU
		{058D4AE0-6AE0-460C-8292-7649F1069D8B}.Debug|Any CPU.ActiveCfg = Debug|Any CPU
		{058D4AE0-6AE0-460C-8292-7649F1069D8B}.Debug|Any CPU.Build.0 = Debug|Any CPU
		{058D4AE0-6AE0-460C-8292-7649F1069D8B}.Release|Any CPU.ActiveCfg = Release|Any CPU
		{058D4AE0-6AE0-460C-8292-7649F1069D8B}.Release|Any CPU.Build.0 = Release|Any CPU
		{72AEA94B-254D-4281-9E04-1DFD7322F8F0}.Debug|Any CPU.ActiveCfg = Debug|Any CPU
		{72AEA94B-254D-4281-9E04-1DFD7322F8F0}.Debug|Any CPU.Build.0 = Debug|Any CPU
		{72AEA94B-254D-4281-9E04-1DFD7322F8F0}.Release|Any CPU.ActiveCfg = Release|Any CPU
		{72AEA94B-254D-4281-9E04-1DFD7322F8F0}.Release|Any CPU.Build.0 = Release|Any CPU
	EndGlobalSection
	GlobalSection(SolutionProperties) = preSolution
		HideSolutionNode = FALSE
	EndGlobalSection
	GlobalSection(NestedProjects) = preSolution
		{AFC4EB1A-C086-4481-B6D7-D17849A696AA} = {ED49E0DE-BF39-4CC6-B3DE-0B800C4AEE1A}
		{ADBEE75E-9A16-451B-ADB4-C8F70FBE47E0} = {ED49E0DE-BF39-4CC6-B3DE-0B800C4AEE1A}
		{2B636F70-243F-4217-96D9-1E59131A4628} = {ED49E0DE-BF39-4CC6-B3DE-0B800C4AEE1A}
		{1F70BC15-3A56-430E-8140-8A6DBF0435EF} = {ED49E0DE-BF39-4CC6-B3DE-0B800C4AEE1A}
		{058D4AE0-6AE0-460C-8292-7649F1069D8B} = {8FF30488-313F-4D18-A345-EA863DA006BE}
		{72AEA94B-254D-4281-9E04-1DFD7322F8F0} = {8FF30488-313F-4D18-A345-EA863DA006BE}
	EndGlobalSection
	GlobalSection(ExtensibilityGlobals) = postSolution
		SolutionGuid = {90B83D02-F3EA-4240-8D4C-366E65296CB4}
	EndGlobalSection
EndGlobal
