
Microsoft Visual Studio Solution File, Format Version 12.00
# Visual Studio Version 16
VisualStudioVersion = 16.0.29209.62
MinimumVisualStudioVersion = 10.0.40219.1
Project("{9A19103F-16F7-4668-BE54-9A1E7A4F7556}") = "client", "client\client.csproj", "{BFA53FC5-183A-42E1-8C04-FFDDDECDAB8C}"
EndProject
Project("{9A19103F-16F7-4668-BE54-9A1E7A4F7556}") = "server", "server\server.csproj", "{30D01695-55B1-4AAD-AAAD-0829FCF12627}"
EndProject
Project("{2150E333-8FDC-42A3-9474-1A3956D46DE8}") = "unitTests", "unitTests", "{8FF30488-313F-4D18-A345-EA863DA006BE}"
EndProject
Project("{9A19103F-16F7-4668-BE54-9A1E7A4F7556}") = "Storage", "Storage\Storage.csproj", "{AFC4EB1A-C086-4481-B6D7-D17849A696AA}"
EndProject
Project("{9A19103F-16F7-4668-BE54-9A1E7A4F7556}") = "Plugin", "Plugin\Plugin.csproj", "{ADBEE75E-9A16-451B-ADB4-C8F70FBE47E0}"
EndProject
Project("{9A19103F-16F7-4668-BE54-9A1E7A4F7556}") = "Loggin", "Loggin\Loggin.csproj", "{2B636F70-243F-4217-96D9-1E59131A4628}"
EndProject
Project("{9A19103F-16F7-4668-BE54-9A1E7A4F7556}") = "Scheduler", "Scheduler\Scheduler.csproj", "{1F70BC15-3A56-430E-8140-8A6DBF0435EF}"
EndProject
Project("{9A19103F-16F7-4668-BE54-9A1E7A4F7556}") = "ScheldulerTest", "ScheldulerTest\ScheldulerTest.csproj", "{058D4AE0-6AE0-460C-8292-7649F1069D8B}"
EndProject
Project("{9A19103F-16F7-4668-BE54-9A1E7A4F7556}") = "PluginTest", "PluginTest\PluginTest.csproj", "{72AEA94B-254D-4281-9E04-1DFD7322F8F0}"
EndProject
Project("{2150E333-8FDC-42A3-9474-1A3956D46DE8}") = "lib", "lib", "{ED49E0DE-BF39-4CC6-B3DE-0B800C4AEE1A}"
EndProject
Project("{9A19103F-16F7-4668-BE54-9A1E7A4F7556}") = "ServerTest", "ServerTest\ServerTest.csproj", "{4669172B-3050-48A1-BEC8-7C634CA60F57}"
EndProject
Project("{9A19103F-16F7-4668-BE54-9A1E7A4F7556}") = "CheckSum", "CheckSum\CheckSum.csproj", "{2C60589A-DA2B-4D71-B780-D2D4D44765DD}"
EndProject
Project("{9A19103F-16F7-4668-BE54-9A1E7A4F7556}") = "CheckSumTest", "CheckSumTest\CheckSumTest.csproj", "{2E864829-842B-48E0-9E4B-5CB3000538AE}"
EndProject
Project("{9A19103F-16F7-4668-BE54-9A1E7A4F7556}") = "Executor", "Executor\Executor.csproj", "{0F18941F-CFD7-4329-AAF6-5B08682CA205}"
EndProject
Project("{2150E333-8FDC-42A3-9474-1A3956D46DE8}") = "implementations", "implementations", "{CD422F44-9228-437B-A65D-DFE6C59C6233}"
EndProject
Project("{9A19103F-16F7-4668-BE54-9A1E7A4F7556}") = "ExecutorThreadPool", "ThreadPoolExecutor\ExecutorThreadPool.csproj", "{064815C9-07AD-49B0-BDE7-7F2F7F1B2EBD}"
EndProject
Project("{2150E333-8FDC-42A3-9474-1A3956D46DE8}") = "executor", "executor", "{98CC5AF4-4E10-4FAD-B904-CA5A455AB5D9}"
EndProject
Project("{9A19103F-16F7-4668-BE54-9A1E7A4F7556}") = "PluginManager", "PluginManager\PluginManager.csproj", "{1FE28CE4-A557-48EE-AFD1-F3FB85E47A02}"
EndProject
Project("{2150E333-8FDC-42A3-9474-1A3956D46DE8}") = "pluginmanager", "pluginmanager", "{646ACEB9-A69C-41B8-BE26-773233D01900}"
EndProject
Project("{9A19103F-16F7-4668-BE54-9A1E7A4F7556}") = "PluginManagerScheduled", "ScheduledPluginManager\PluginManagerScheduled.csproj", "{CB40CCDE-AE2A-4AD9-BF20-1993E1EB2E63}"
EndProject
Project("{2150E333-8FDC-42A3-9474-1A3956D46DE8}") = "storage", "storage", "{5FDDCEF3-36D3-424F-9CCD-5E9B8B662EA6}"
EndProject
Project("{9A19103F-16F7-4668-BE54-9A1E7A4F7556}") = "StorageFile", "FileStorage\StorageFile.csproj", "{3ECAD985-9125-47BB-A2F6-3C90DFC838D2}"
EndProject
Project("{9A19103F-16F7-4668-BE54-9A1E7A4F7556}") = "StorageText", "TextStorage\StorageText.csproj", "{91282A81-67D1-4975-A5A1-289F2CA37B4B}"
EndProject
Project("{9A19103F-16F7-4668-BE54-9A1E7A4F7556}") = "PluginMasterBasePlugin", "PluginMasterBasePlugin\PluginMasterBasePlugin.csproj", "{8D9121E9-C318-4AFC-BB46-A5AB389E122A}"
EndProject
Project("{2150E333-8FDC-42A3-9474-1A3956D46DE8}") = "pluginmaster", "pluginmaster", "{4D94C7C3-5180-4236-AED3-6BA761C71DC2}"
EndProject
Project("{2150E333-8FDC-42A3-9474-1A3956D46DE8}") = "plugin", "plugin", "{6294A17F-6C1F-4555-8EEF-02F4A84965F2}"
EndProject
Project("{9A19103F-16F7-4668-BE54-9A1E7A4F7556}") = "PluginBase", "BasePlugin\PluginBase.csproj", "{706D075E-80CB-49F7-8F97-D5902DBD440D}"
EndProject
Project("{2150E333-8FDC-42A3-9474-1A3956D46DE8}") = "config", "config", "{A64F45D5-68D1-4B88-9EBD-DD422D9DB65F}"
EndProject
Project("{9A19103F-16F7-4668-BE54-9A1E7A4F7556}") = "ConfigJSON", "ConfigJSON\ConfigJSON.csproj", "{76356878-782C-42DA-94D8-4ECA68B152AA}"
EndProject
Project("{9A19103F-16F7-4668-BE54-9A1E7A4F7556}") = "MagicStringEnumerator", "ResourcesResXManager\MagicStringEnumerator.csproj", "{6F1C0F19-86FD-4223-B2A1-60F105CA6F4F}"
EndProject
Project("{9A19103F-16F7-4668-BE54-9A1E7A4F7556}") = "DllImportMethods", "DllImportMethods\DllImportMethods.csproj", "{9AF8F25F-8713-41BB-B22E-B77645DA71DE}"
EndProject
Project("{9A19103F-16F7-4668-BE54-9A1E7A4F7556}") = "FileParserTest", "FileParserTest\FileParserTest.csproj", "{6E3F92DE-41D7-4CB5-9937-9E7BF100F6A1}"
EndProject
Project("{9A19103F-16F7-4668-BE54-9A1E7A4F7556}") = "FileParser", "FileParser\FileParser.csproj", "{B727B060-1953-4DD9-A533-61DD28C2822A}"
EndProject
Project("{FAE04EC0-301F-11D3-BF4B-00C04F79EFBC}") = "plugins_checker", "plugins_checker\plugins_checker.csproj", "{FD1014A7-ADE3-410F-B629-85705000442B}"
EndProject
Global
	GlobalSection(SolutionConfigurationPlatforms) = preSolution
		Debug|Any CPU = Debug|Any CPU
		Release|Any CPU = Release|Any CPU
	EndGlobalSection
	GlobalSection(ProjectConfigurationPlatforms) = postSolution
		{BFA53FC5-183A-42E1-8C04-FFDDDECDAB8C}.Debug|Any CPU.ActiveCfg = Debug|Any CPU
		{BFA53FC5-183A-42E1-8C04-FFDDDECDAB8C}.Debug|Any CPU.Build.0 = Debug|Any CPU
		{BFA53FC5-183A-42E1-8C04-FFDDDECDAB8C}.Release|Any CPU.ActiveCfg = Release|Any CPU
		{BFA53FC5-183A-42E1-8C04-FFDDDECDAB8C}.Release|Any CPU.Build.0 = Release|Any CPU
		{30D01695-55B1-4AAD-AAAD-0829FCF12627}.Debug|Any CPU.ActiveCfg = Debug|Any CPU
		{30D01695-55B1-4AAD-AAAD-0829FCF12627}.Debug|Any CPU.Build.0 = Debug|Any CPU
		{30D01695-55B1-4AAD-AAAD-0829FCF12627}.Release|Any CPU.ActiveCfg = Release|Any CPU
		{30D01695-55B1-4AAD-AAAD-0829FCF12627}.Release|Any CPU.Build.0 = Release|Any CPU
		{AFC4EB1A-C086-4481-B6D7-D17849A696AA}.Debug|Any CPU.ActiveCfg = Debug|Any CPU
		{AFC4EB1A-C086-4481-B6D7-D17849A696AA}.Debug|Any CPU.Build.0 = Debug|Any CPU
		{AFC4EB1A-C086-4481-B6D7-D17849A696AA}.Release|Any CPU.ActiveCfg = Release|Any CPU
		{AFC4EB1A-C086-4481-B6D7-D17849A696AA}.Release|Any CPU.Build.0 = Release|Any CPU
		{ADBEE75E-9A16-451B-ADB4-C8F70FBE47E0}.Debug|Any CPU.ActiveCfg = Debug|Any CPU
		{ADBEE75E-9A16-451B-ADB4-C8F70FBE47E0}.Debug|Any CPU.Build.0 = Debug|Any CPU
		{ADBEE75E-9A16-451B-ADB4-C8F70FBE47E0}.Release|Any CPU.ActiveCfg = Release|Any CPU
		{ADBEE75E-9A16-451B-ADB4-C8F70FBE47E0}.Release|Any CPU.Build.0 = Release|Any CPU
		{2B636F70-243F-4217-96D9-1E59131A4628}.Debug|Any CPU.ActiveCfg = Debug|Any CPU
		{2B636F70-243F-4217-96D9-1E59131A4628}.Debug|Any CPU.Build.0 = Debug|Any CPU
		{2B636F70-243F-4217-96D9-1E59131A4628}.Release|Any CPU.ActiveCfg = Release|Any CPU
		{2B636F70-243F-4217-96D9-1E59131A4628}.Release|Any CPU.Build.0 = Release|Any CPU
		{1F70BC15-3A56-430E-8140-8A6DBF0435EF}.Debug|Any CPU.ActiveCfg = Debug|Any CPU
		{1F70BC15-3A56-430E-8140-8A6DBF0435EF}.Debug|Any CPU.Build.0 = Debug|Any CPU
		{1F70BC15-3A56-430E-8140-8A6DBF0435EF}.Release|Any CPU.ActiveCfg = Release|Any CPU
		{1F70BC15-3A56-430E-8140-8A6DBF0435EF}.Release|Any CPU.Build.0 = Release|Any CPU
		{058D4AE0-6AE0-460C-8292-7649F1069D8B}.Debug|Any CPU.ActiveCfg = Debug|Any CPU
		{058D4AE0-6AE0-460C-8292-7649F1069D8B}.Debug|Any CPU.Build.0 = Debug|Any CPU
		{058D4AE0-6AE0-460C-8292-7649F1069D8B}.Release|Any CPU.ActiveCfg = Release|Any CPU
		{058D4AE0-6AE0-460C-8292-7649F1069D8B}.Release|Any CPU.Build.0 = Release|Any CPU
		{72AEA94B-254D-4281-9E04-1DFD7322F8F0}.Debug|Any CPU.ActiveCfg = Debug|Any CPU
		{72AEA94B-254D-4281-9E04-1DFD7322F8F0}.Debug|Any CPU.Build.0 = Debug|Any CPU
		{72AEA94B-254D-4281-9E04-1DFD7322F8F0}.Release|Any CPU.ActiveCfg = Release|Any CPU
		{72AEA94B-254D-4281-9E04-1DFD7322F8F0}.Release|Any CPU.Build.0 = Release|Any CPU
		{4669172B-3050-48A1-BEC8-7C634CA60F57}.Debug|Any CPU.ActiveCfg = Debug|Any CPU
		{4669172B-3050-48A1-BEC8-7C634CA60F57}.Debug|Any CPU.Build.0 = Debug|Any CPU
		{4669172B-3050-48A1-BEC8-7C634CA60F57}.Release|Any CPU.ActiveCfg = Release|Any CPU
		{4669172B-3050-48A1-BEC8-7C634CA60F57}.Release|Any CPU.Build.0 = Release|Any CPU
		{2C60589A-DA2B-4D71-B780-D2D4D44765DD}.Debug|Any CPU.ActiveCfg = Debug|Any CPU
		{2C60589A-DA2B-4D71-B780-D2D4D44765DD}.Debug|Any CPU.Build.0 = Debug|Any CPU
		{2C60589A-DA2B-4D71-B780-D2D4D44765DD}.Release|Any CPU.ActiveCfg = Release|Any CPU
		{2C60589A-DA2B-4D71-B780-D2D4D44765DD}.Release|Any CPU.Build.0 = Release|Any CPU
		{2E864829-842B-48E0-9E4B-5CB3000538AE}.Debug|Any CPU.ActiveCfg = Debug|Any CPU
		{2E864829-842B-48E0-9E4B-5CB3000538AE}.Debug|Any CPU.Build.0 = Debug|Any CPU
		{2E864829-842B-48E0-9E4B-5CB3000538AE}.Release|Any CPU.ActiveCfg = Release|Any CPU
		{2E864829-842B-48E0-9E4B-5CB3000538AE}.Release|Any CPU.Build.0 = Release|Any CPU
		{0F18941F-CFD7-4329-AAF6-5B08682CA205}.Debug|Any CPU.ActiveCfg = Debug|Any CPU
		{0F18941F-CFD7-4329-AAF6-5B08682CA205}.Debug|Any CPU.Build.0 = Debug|Any CPU
		{0F18941F-CFD7-4329-AAF6-5B08682CA205}.Release|Any CPU.ActiveCfg = Release|Any CPU
		{0F18941F-CFD7-4329-AAF6-5B08682CA205}.Release|Any CPU.Build.0 = Release|Any CPU
		{064815C9-07AD-49B0-BDE7-7F2F7F1B2EBD}.Debug|Any CPU.ActiveCfg = Debug|Any CPU
		{064815C9-07AD-49B0-BDE7-7F2F7F1B2EBD}.Debug|Any CPU.Build.0 = Debug|Any CPU
		{064815C9-07AD-49B0-BDE7-7F2F7F1B2EBD}.Release|Any CPU.ActiveCfg = Release|Any CPU
		{064815C9-07AD-49B0-BDE7-7F2F7F1B2EBD}.Release|Any CPU.Build.0 = Release|Any CPU
		{1FE28CE4-A557-48EE-AFD1-F3FB85E47A02}.Debug|Any CPU.ActiveCfg = Debug|Any CPU
		{1FE28CE4-A557-48EE-AFD1-F3FB85E47A02}.Debug|Any CPU.Build.0 = Debug|Any CPU
		{1FE28CE4-A557-48EE-AFD1-F3FB85E47A02}.Release|Any CPU.ActiveCfg = Release|Any CPU
		{1FE28CE4-A557-48EE-AFD1-F3FB85E47A02}.Release|Any CPU.Build.0 = Release|Any CPU
		{CB40CCDE-AE2A-4AD9-BF20-1993E1EB2E63}.Debug|Any CPU.ActiveCfg = Debug|Any CPU
		{CB40CCDE-AE2A-4AD9-BF20-1993E1EB2E63}.Debug|Any CPU.Build.0 = Debug|Any CPU
		{CB40CCDE-AE2A-4AD9-BF20-1993E1EB2E63}.Release|Any CPU.ActiveCfg = Release|Any CPU
		{CB40CCDE-AE2A-4AD9-BF20-1993E1EB2E63}.Release|Any CPU.Build.0 = Release|Any CPU
		{3ECAD985-9125-47BB-A2F6-3C90DFC838D2}.Debug|Any CPU.ActiveCfg = Debug|Any CPU
		{3ECAD985-9125-47BB-A2F6-3C90DFC838D2}.Debug|Any CPU.Build.0 = Debug|Any CPU
		{3ECAD985-9125-47BB-A2F6-3C90DFC838D2}.Release|Any CPU.ActiveCfg = Release|Any CPU
		{3ECAD985-9125-47BB-A2F6-3C90DFC838D2}.Release|Any CPU.Build.0 = Release|Any CPU
		{91282A81-67D1-4975-A5A1-289F2CA37B4B}.Debug|Any CPU.ActiveCfg = Debug|Any CPU
		{91282A81-67D1-4975-A5A1-289F2CA37B4B}.Debug|Any CPU.Build.0 = Debug|Any CPU
		{91282A81-67D1-4975-A5A1-289F2CA37B4B}.Release|Any CPU.ActiveCfg = Release|Any CPU
		{91282A81-67D1-4975-A5A1-289F2CA37B4B}.Release|Any CPU.Build.0 = Release|Any CPU
		{8D9121E9-C318-4AFC-BB46-A5AB389E122A}.Debug|Any CPU.ActiveCfg = Debug|Any CPU
		{8D9121E9-C318-4AFC-BB46-A5AB389E122A}.Debug|Any CPU.Build.0 = Debug|Any CPU
		{8D9121E9-C318-4AFC-BB46-A5AB389E122A}.Release|Any CPU.ActiveCfg = Release|Any CPU
		{8D9121E9-C318-4AFC-BB46-A5AB389E122A}.Release|Any CPU.Build.0 = Release|Any CPU
		{706D075E-80CB-49F7-8F97-D5902DBD440D}.Debug|Any CPU.ActiveCfg = Debug|Any CPU
		{706D075E-80CB-49F7-8F97-D5902DBD440D}.Debug|Any CPU.Build.0 = Debug|Any CPU
		{706D075E-80CB-49F7-8F97-D5902DBD440D}.Release|Any CPU.ActiveCfg = Release|Any CPU
		{706D075E-80CB-49F7-8F97-D5902DBD440D}.Release|Any CPU.Build.0 = Release|Any CPU
		{76356878-782C-42DA-94D8-4ECA68B152AA}.Debug|Any CPU.ActiveCfg = Debug|Any CPU
		{76356878-782C-42DA-94D8-4ECA68B152AA}.Debug|Any CPU.Build.0 = Debug|Any CPU
		{76356878-782C-42DA-94D8-4ECA68B152AA}.Release|Any CPU.ActiveCfg = Release|Any CPU
		{76356878-782C-42DA-94D8-4ECA68B152AA}.Release|Any CPU.Build.0 = Release|Any CPU
		{6F1C0F19-86FD-4223-B2A1-60F105CA6F4F}.Debug|Any CPU.ActiveCfg = Debug|Any CPU
		{6F1C0F19-86FD-4223-B2A1-60F105CA6F4F}.Debug|Any CPU.Build.0 = Debug|Any CPU
		{6F1C0F19-86FD-4223-B2A1-60F105CA6F4F}.Release|Any CPU.ActiveCfg = Release|Any CPU
		{6F1C0F19-86FD-4223-B2A1-60F105CA6F4F}.Release|Any CPU.Build.0 = Release|Any CPU
		{9AF8F25F-8713-41BB-B22E-B77645DA71DE}.Debug|Any CPU.ActiveCfg = Debug|Any CPU
		{9AF8F25F-8713-41BB-B22E-B77645DA71DE}.Debug|Any CPU.Build.0 = Debug|Any CPU
		{9AF8F25F-8713-41BB-B22E-B77645DA71DE}.Release|Any CPU.ActiveCfg = Release|Any CPU
		{9AF8F25F-8713-41BB-B22E-B77645DA71DE}.Release|Any CPU.Build.0 = Release|Any CPU
		{6E3F92DE-41D7-4CB5-9937-9E7BF100F6A1}.Debug|Any CPU.ActiveCfg = Debug|Any CPU
		{6E3F92DE-41D7-4CB5-9937-9E7BF100F6A1}.Debug|Any CPU.Build.0 = Debug|Any CPU
		{6E3F92DE-41D7-4CB5-9937-9E7BF100F6A1}.Release|Any CPU.ActiveCfg = Release|Any CPU
		{6E3F92DE-41D7-4CB5-9937-9E7BF100F6A1}.Release|Any CPU.Build.0 = Release|Any CPU
		{B727B060-1953-4DD9-A533-61DD28C2822A}.Debug|Any CPU.ActiveCfg = Debug|Any CPU
		{B727B060-1953-4DD9-A533-61DD28C2822A}.Debug|Any CPU.Build.0 = Debug|Any CPU
		{B727B060-1953-4DD9-A533-61DD28C2822A}.Release|Any CPU.ActiveCfg = Release|Any CPU
		{B727B060-1953-4DD9-A533-61DD28C2822A}.Release|Any CPU.Build.0 = Release|Any CPU
		{FD1014A7-ADE3-410F-B629-85705000442B}.Debug|Any CPU.ActiveCfg = Debug|Any CPU
		{FD1014A7-ADE3-410F-B629-85705000442B}.Debug|Any CPU.Build.0 = Debug|Any CPU
		{FD1014A7-ADE3-410F-B629-85705000442B}.Release|Any CPU.ActiveCfg = Release|Any CPU
		{FD1014A7-ADE3-410F-B629-85705000442B}.Release|Any CPU.Build.0 = Release|Any CPU
	EndGlobalSection
	GlobalSection(SolutionProperties) = preSolution
		HideSolutionNode = FALSE
	EndGlobalSection
	GlobalSection(NestedProjects) = preSolution
		{AFC4EB1A-C086-4481-B6D7-D17849A696AA} = {ED49E0DE-BF39-4CC6-B3DE-0B800C4AEE1A}
		{ADBEE75E-9A16-451B-ADB4-C8F70FBE47E0} = {ED49E0DE-BF39-4CC6-B3DE-0B800C4AEE1A}
		{2B636F70-243F-4217-96D9-1E59131A4628} = {ED49E0DE-BF39-4CC6-B3DE-0B800C4AEE1A}
		{1F70BC15-3A56-430E-8140-8A6DBF0435EF} = {ED49E0DE-BF39-4CC6-B3DE-0B800C4AEE1A}
		{058D4AE0-6AE0-460C-8292-7649F1069D8B} = {8FF30488-313F-4D18-A345-EA863DA006BE}
		{72AEA94B-254D-4281-9E04-1DFD7322F8F0} = {8FF30488-313F-4D18-A345-EA863DA006BE}
		{4669172B-3050-48A1-BEC8-7C634CA60F57} = {8FF30488-313F-4D18-A345-EA863DA006BE}
		{2C60589A-DA2B-4D71-B780-D2D4D44765DD} = {ED49E0DE-BF39-4CC6-B3DE-0B800C4AEE1A}
		{2E864829-842B-48E0-9E4B-5CB3000538AE} = {8FF30488-313F-4D18-A345-EA863DA006BE}
		{0F18941F-CFD7-4329-AAF6-5B08682CA205} = {ED49E0DE-BF39-4CC6-B3DE-0B800C4AEE1A}
		{064815C9-07AD-49B0-BDE7-7F2F7F1B2EBD} = {98CC5AF4-4E10-4FAD-B904-CA5A455AB5D9}
		{98CC5AF4-4E10-4FAD-B904-CA5A455AB5D9} = {CD422F44-9228-437B-A65D-DFE6C59C6233}
		{1FE28CE4-A557-48EE-AFD1-F3FB85E47A02} = {ED49E0DE-BF39-4CC6-B3DE-0B800C4AEE1A}
		{646ACEB9-A69C-41B8-BE26-773233D01900} = {CD422F44-9228-437B-A65D-DFE6C59C6233}
		{CB40CCDE-AE2A-4AD9-BF20-1993E1EB2E63} = {646ACEB9-A69C-41B8-BE26-773233D01900}
		{5FDDCEF3-36D3-424F-9CCD-5E9B8B662EA6} = {CD422F44-9228-437B-A65D-DFE6C59C6233}
		{3ECAD985-9125-47BB-A2F6-3C90DFC838D2} = {5FDDCEF3-36D3-424F-9CCD-5E9B8B662EA6}
		{91282A81-67D1-4975-A5A1-289F2CA37B4B} = {5FDDCEF3-36D3-424F-9CCD-5E9B8B662EA6}
		{8D9121E9-C318-4AFC-BB46-A5AB389E122A} = {4D94C7C3-5180-4236-AED3-6BA761C71DC2}
		{4D94C7C3-5180-4236-AED3-6BA761C71DC2} = {CD422F44-9228-437B-A65D-DFE6C59C6233}
		{6294A17F-6C1F-4555-8EEF-02F4A84965F2} = {CD422F44-9228-437B-A65D-DFE6C59C6233}
		{706D075E-80CB-49F7-8F97-D5902DBD440D} = {6294A17F-6C1F-4555-8EEF-02F4A84965F2}
		{A64F45D5-68D1-4B88-9EBD-DD422D9DB65F} = {CD422F44-9228-437B-A65D-DFE6C59C6233}
		{76356878-782C-42DA-94D8-4ECA68B152AA} = {A64F45D5-68D1-4B88-9EBD-DD422D9DB65F}
		{6F1C0F19-86FD-4223-B2A1-60F105CA6F4F} = {ED49E0DE-BF39-4CC6-B3DE-0B800C4AEE1A}
		{9AF8F25F-8713-41BB-B22E-B77645DA71DE} = {ED49E0DE-BF39-4CC6-B3DE-0B800C4AEE1A}
		{6E3F92DE-41D7-4CB5-9937-9E7BF100F6A1} = {8FF30488-313F-4D18-A345-EA863DA006BE}
		{B727B060-1953-4DD9-A533-61DD28C2822A} = {ED49E0DE-BF39-4CC6-B3DE-0B800C4AEE1A}
	EndGlobalSection
	GlobalSection(ExtensibilityGlobals) = postSolution
		SolutionGuid = {90B83D02-F3EA-4240-8D4C-366E65296CB4}
	EndGlobalSection
EndGlobal
